// !$*UTF8*$!
{
	archiveVersion = 1;
	classes = {
	};
	objectVersion = 50;
	objects = {

/* Begin PBXBuildFile section */
		13A8F31958E863A700A0404F /* Pods_eShelvesUITests.framework in Frameworks */ = {isa = PBXBuildFile; fileRef = 90822A9509DD59E975947592 /* Pods_eShelvesUITests.framework */; };
		380686982171F30A0086D383 /* ShelvesTableViewController.swift in Sources */ = {isa = PBXBuildFile; fileRef = 380686972171F30A0086D383 /* ShelvesTableViewController.swift */; };
		381148A3219E3414006C0BFB /* CustomTableViewCell1.swift in Sources */ = {isa = PBXBuildFile; fileRef = 381148A1219E3414006C0BFB /* CustomTableViewCell1.swift */; };
		381148A4219E3414006C0BFB /* CustomTableViewCell1.xib in Resources */ = {isa = PBXBuildFile; fileRef = 381148A2219E3414006C0BFB /* CustomTableViewCell1.xib */; };
		38135086214FBA7F001A2E34 /* LoginViewController.swift in Sources */ = {isa = PBXBuildFile; fileRef = 38135085214FBA7F001A2E34 /* LoginViewController.swift */; };
		381EDDF321C540B600E960AC /* CustomSegmentedControl.swift in Sources */ = {isa = PBXBuildFile; fileRef = 381EDDF221C540B600E960AC /* CustomSegmentedControl.swift */; };
		3854457C214D33DC0083DE9D /* AppDelegate.swift in Sources */ = {isa = PBXBuildFile; fileRef = 3854457B214D33DC0083DE9D /* AppDelegate.swift */; };
		3854457E214D33DC0083DE9D /* ViewController.swift in Sources */ = {isa = PBXBuildFile; fileRef = 3854457D214D33DC0083DE9D /* ViewController.swift */; };
		38544581214D33DC0083DE9D /* Main.storyboard in Resources */ = {isa = PBXBuildFile; fileRef = 3854457F214D33DC0083DE9D /* Main.storyboard */; };
		38544583214D33EE0083DE9D /* Assets.xcassets in Resources */ = {isa = PBXBuildFile; fileRef = 38544582214D33EE0083DE9D /* Assets.xcassets */; };
		38544586214D33EE0083DE9D /* LaunchScreen.storyboard in Resources */ = {isa = PBXBuildFile; fileRef = 38544584214D33EE0083DE9D /* LaunchScreen.storyboard */; };
		38544591214D33EF0083DE9D /* eShelvesTests.swift in Sources */ = {isa = PBXBuildFile; fileRef = 38544590214D33EF0083DE9D /* eShelvesTests.swift */; };
		3854459C214D33EF0083DE9D /* eShelvesUITests.swift in Sources */ = {isa = PBXBuildFile; fileRef = 3854459B214D33EF0083DE9D /* eShelvesUITests.swift */; };
		38A8CFFF215961E100BF9551 /* GoogleService-Info.plist in Resources */ = {isa = PBXBuildFile; fileRef = 38A8CFFE215961DE00BF9551 /* GoogleService-Info.plist */; };
		38A8D000215961E100BF9551 /* GoogleService-Info.plist in Resources */ = {isa = PBXBuildFile; fileRef = 38A8CFFE215961DE00BF9551 /* GoogleService-Info.plist */; };
		38A8D001215961E200BF9551 /* GoogleService-Info.plist in Resources */ = {isa = PBXBuildFile; fileRef = 38A8CFFE215961DE00BF9551 /* GoogleService-Info.plist */; };
		38C0A4792150B515008C198D /* RegisterViewController.swift in Sources */ = {isa = PBXBuildFile; fileRef = 38C0A4782150B515008C198D /* RegisterViewController.swift */; };
		898F21CB1B92DD6F0BA2D64D /* Pods_eShelvesTests.framework in Frameworks */ = {isa = PBXBuildFile; fileRef = D62B4982AFD0EDDD2AC2810A /* Pods_eShelvesTests.framework */; };
		BA0CD1CEB96E5DB39B424AF3 /* Pods_eShelves.framework in Frameworks */ = {isa = PBXBuildFile; fileRef = 4A870E38A44C3DC35213835E /* Pods_eShelves.framework */; };
/* End PBXBuildFile section */

/* Begin PBXContainerItemProxy section */
		3854458D214D33EF0083DE9D /* PBXContainerItemProxy */ = {
			isa = PBXContainerItemProxy;
			containerPortal = 38544570214D33DC0083DE9D /* Project object */;
			proxyType = 1;
			remoteGlobalIDString = 38544577214D33DC0083DE9D;
			remoteInfo = eShelves;
		};
		38544598214D33EF0083DE9D /* PBXContainerItemProxy */ = {
			isa = PBXContainerItemProxy;
			containerPortal = 38544570214D33DC0083DE9D /* Project object */;
			proxyType = 1;
			remoteGlobalIDString = 38544577214D33DC0083DE9D;
			remoteInfo = eShelves;
		};
/* End PBXContainerItemProxy section */

/* Begin PBXFileReference section */
		1359C0C6769F0C9CCD7B3E06 /* Pods-eShelvesUITests.release.xcconfig */ = {isa = PBXFileReference; includeInIndex = 1; lastKnownFileType = text.xcconfig; name = "Pods-eShelvesUITests.release.xcconfig"; path = "Pods/Target Support Files/Pods-eShelvesUITests/Pods-eShelvesUITests.release.xcconfig"; sourceTree = "<group>"; };
		380686972171F30A0086D383 /* ShelvesTableViewController.swift */ = {isa = PBXFileReference; lastKnownFileType = sourcecode.swift; path = ShelvesTableViewController.swift; sourceTree = "<group>"; };
		381148A1219E3414006C0BFB /* CustomTableViewCell1.swift */ = {isa = PBXFileReference; lastKnownFileType = sourcecode.swift; path = CustomTableViewCell1.swift; sourceTree = "<group>"; };
		381148A2219E3414006C0BFB /* CustomTableViewCell1.xib */ = {isa = PBXFileReference; lastKnownFileType = file.xib; path = CustomTableViewCell1.xib; sourceTree = "<group>"; };
		38135085214FBA7F001A2E34 /* LoginViewController.swift */ = {isa = PBXFileReference; lastKnownFileType = sourcecode.swift; path = LoginViewController.swift; sourceTree = "<group>"; };
		381EDDF221C540B600E960AC /* CustomSegmentedControl.swift */ = {isa = PBXFileReference; lastKnownFileType = sourcecode.swift; path = CustomSegmentedControl.swift; sourceTree = "<group>"; };
		38544578214D33DC0083DE9D /* eShelves.app */ = {isa = PBXFileReference; explicitFileType = wrapper.application; includeInIndex = 0; path = eShelves.app; sourceTree = BUILT_PRODUCTS_DIR; };
		3854457B214D33DC0083DE9D /* AppDelegate.swift */ = {isa = PBXFileReference; lastKnownFileType = sourcecode.swift; path = AppDelegate.swift; sourceTree = "<group>"; };
		3854457D214D33DC0083DE9D /* ViewController.swift */ = {isa = PBXFileReference; lastKnownFileType = sourcecode.swift; path = ViewController.swift; sourceTree = "<group>"; };
		38544580214D33DC0083DE9D /* Base */ = {isa = PBXFileReference; lastKnownFileType = file.storyboard; name = Base; path = Base.lproj/Main.storyboard; sourceTree = "<group>"; };
		38544582214D33EE0083DE9D /* Assets.xcassets */ = {isa = PBXFileReference; lastKnownFileType = folder.assetcatalog; path = Assets.xcassets; sourceTree = "<group>"; };
		38544585214D33EE0083DE9D /* Base */ = {isa = PBXFileReference; lastKnownFileType = file.storyboard; name = Base; path = Base.lproj/LaunchScreen.storyboard; sourceTree = "<group>"; };
		38544587214D33EE0083DE9D /* Info.plist */ = {isa = PBXFileReference; lastKnownFileType = text.plist.xml; path = Info.plist; sourceTree = "<group>"; };
		3854458C214D33EF0083DE9D /* eShelvesTests.xctest */ = {isa = PBXFileReference; explicitFileType = wrapper.cfbundle; includeInIndex = 0; path = eShelvesTests.xctest; sourceTree = BUILT_PRODUCTS_DIR; };
		38544590214D33EF0083DE9D /* eShelvesTests.swift */ = {isa = PBXFileReference; lastKnownFileType = sourcecode.swift; path = eShelvesTests.swift; sourceTree = "<group>"; };
		38544592214D33EF0083DE9D /* Info.plist */ = {isa = PBXFileReference; lastKnownFileType = text.plist.xml; path = Info.plist; sourceTree = "<group>"; };
		38544597214D33EF0083DE9D /* eShelvesUITests.xctest */ = {isa = PBXFileReference; explicitFileType = wrapper.cfbundle; includeInIndex = 0; path = eShelvesUITests.xctest; sourceTree = BUILT_PRODUCTS_DIR; };
		3854459B214D33EF0083DE9D /* eShelvesUITests.swift */ = {isa = PBXFileReference; lastKnownFileType = sourcecode.swift; path = eShelvesUITests.swift; sourceTree = "<group>"; };
		3854459D214D33EF0083DE9D /* Info.plist */ = {isa = PBXFileReference; lastKnownFileType = text.plist.xml; path = Info.plist; sourceTree = "<group>"; };
		38A8CFFE215961DE00BF9551 /* GoogleService-Info.plist */ = {isa = PBXFileReference; fileEncoding = 4; lastKnownFileType = text.plist.xml; path = "GoogleService-Info.plist"; sourceTree = "<group>"; };
		38C0A4782150B515008C198D /* RegisterViewController.swift */ = {isa = PBXFileReference; lastKnownFileType = sourcecode.swift; path = RegisterViewController.swift; sourceTree = "<group>"; };
		4A870E38A44C3DC35213835E /* Pods_eShelves.framework */ = {isa = PBXFileReference; explicitFileType = wrapper.framework; includeInIndex = 0; path = Pods_eShelves.framework; sourceTree = BUILT_PRODUCTS_DIR; };
		55DCCF36976477BC50973E02 /* Pods-eShelvesTests.debug.xcconfig */ = {isa = PBXFileReference; includeInIndex = 1; lastKnownFileType = text.xcconfig; name = "Pods-eShelvesTests.debug.xcconfig"; path = "Pods/Target Support Files/Pods-eShelvesTests/Pods-eShelvesTests.debug.xcconfig"; sourceTree = "<group>"; };
		669CF95D6A7BD3A66645F906 /* Pods-eShelves.debug.xcconfig */ = {isa = PBXFileReference; includeInIndex = 1; lastKnownFileType = text.xcconfig; name = "Pods-eShelves.debug.xcconfig"; path = "Pods/Target Support Files/Pods-eShelves/Pods-eShelves.debug.xcconfig"; sourceTree = "<group>"; };
		90822A9509DD59E975947592 /* Pods_eShelvesUITests.framework */ = {isa = PBXFileReference; explicitFileType = wrapper.framework; includeInIndex = 0; path = Pods_eShelvesUITests.framework; sourceTree = BUILT_PRODUCTS_DIR; };
		ADBD8B979B229380595027ED /* Pods-eShelvesTests.release.xcconfig */ = {isa = PBXFileReference; includeInIndex = 1; lastKnownFileType = text.xcconfig; name = "Pods-eShelvesTests.release.xcconfig"; path = "Pods/Target Support Files/Pods-eShelvesTests/Pods-eShelvesTests.release.xcconfig"; sourceTree = "<group>"; };
		D62B4982AFD0EDDD2AC2810A /* Pods_eShelvesTests.framework */ = {isa = PBXFileReference; explicitFileType = wrapper.framework; includeInIndex = 0; path = Pods_eShelvesTests.framework; sourceTree = BUILT_PRODUCTS_DIR; };
		E0B7F2D743734F40D6CD643F /* Pods-eShelves.release.xcconfig */ = {isa = PBXFileReference; includeInIndex = 1; lastKnownFileType = text.xcconfig; name = "Pods-eShelves.release.xcconfig"; path = "Pods/Target Support Files/Pods-eShelves/Pods-eShelves.release.xcconfig"; sourceTree = "<group>"; };
		EA544C1E34E56DEA2873A2A5 /* Pods-eShelvesUITests.debug.xcconfig */ = {isa = PBXFileReference; includeInIndex = 1; lastKnownFileType = text.xcconfig; name = "Pods-eShelvesUITests.debug.xcconfig"; path = "Pods/Target Support Files/Pods-eShelvesUITests/Pods-eShelvesUITests.debug.xcconfig"; sourceTree = "<group>"; };
/* End PBXFileReference section */

/* Begin PBXFrameworksBuildPhase section */
		38544575214D33DC0083DE9D /* Frameworks */ = {
			isa = PBXFrameworksBuildPhase;
			buildActionMask = 2147483647;
			files = (
				BA0CD1CEB96E5DB39B424AF3 /* Pods_eShelves.framework in Frameworks */,
			);
			runOnlyForDeploymentPostprocessing = 0;
		};
		38544589214D33EF0083DE9D /* Frameworks */ = {
			isa = PBXFrameworksBuildPhase;
			buildActionMask = 2147483647;
			files = (
				898F21CB1B92DD6F0BA2D64D /* Pods_eShelvesTests.framework in Frameworks */,
			);
			runOnlyForDeploymentPostprocessing = 0;
		};
		38544594214D33EF0083DE9D /* Frameworks */ = {
			isa = PBXFrameworksBuildPhase;
			buildActionMask = 2147483647;
			files = (
				13A8F31958E863A700A0404F /* Pods_eShelvesUITests.framework in Frameworks */,
			);
			runOnlyForDeploymentPostprocessing = 0;
		};
/* End PBXFrameworksBuildPhase section */

/* Begin PBXGroup section */
		009EB5251D4E08741E5C7ECB /* Pods */ = {
			isa = PBXGroup;
			children = (
				669CF95D6A7BD3A66645F906 /* Pods-eShelves.debug.xcconfig */,
				E0B7F2D743734F40D6CD643F /* Pods-eShelves.release.xcconfig */,
				55DCCF36976477BC50973E02 /* Pods-eShelvesTests.debug.xcconfig */,
				ADBD8B979B229380595027ED /* Pods-eShelvesTests.release.xcconfig */,
				EA544C1E34E56DEA2873A2A5 /* Pods-eShelvesUITests.debug.xcconfig */,
				1359C0C6769F0C9CCD7B3E06 /* Pods-eShelvesUITests.release.xcconfig */,
			);
			name = Pods;
			sourceTree = "<group>";
		};
		381148A5219E3487006C0BFB /* Custom Cell */ = {
			isa = PBXGroup;
			children = (
				381148A1219E3414006C0BFB /* CustomTableViewCell1.swift */,
				381148A2219E3414006C0BFB /* CustomTableViewCell1.xib */,
			);
			name = "Custom Cell";
			path = "New Group";
			sourceTree = "<group>";
		};
		381EDDF121C53CE300E960AC /* Resources */ = {
			isa = PBXGroup;
			children = (
				381EDDF221C540B600E960AC /* CustomSegmentedControl.swift */,
			);
			path = Resources;
			sourceTree = "<group>";
		};
		3854456F214D33DB0083DE9D = {
			isa = PBXGroup;
			children = (
				38A8CFFC2157FB5400BF9551 /* Model */,
				38A8CFFB2157FAF700BF9551 /* View */,
				38A8CFFD2157FB7C00BF9551 /* Controller */,
				3854457A214D33DC0083DE9D /* eShelves */,
				381EDDF121C53CE300E960AC /* Resources */,
				3854458F214D33EF0083DE9D /* eShelvesTests */,
				3854459A214D33EF0083DE9D /* eShelvesUITests */,
				38544579214D33DC0083DE9D /* Products */,
				009EB5251D4E08741E5C7ECB /* Pods */,
				FD8F92681754D045DDB94D55 /* Frameworks */,
			);
			sourceTree = "<group>";
		};
		38544579214D33DC0083DE9D /* Products */ = {
			isa = PBXGroup;
			children = (
				38544578214D33DC0083DE9D /* eShelves.app */,
				3854458C214D33EF0083DE9D /* eShelvesTests.xctest */,
				38544597214D33EF0083DE9D /* eShelvesUITests.xctest */,
			);
			name = Products;
			sourceTree = "<group>";
		};
		3854457A214D33DC0083DE9D /* eShelves */ = {
			isa = PBXGroup;
			children = (
				38544582214D33EE0083DE9D /* Assets.xcassets */,
				38544587214D33EE0083DE9D /* Info.plist */,
			);
			path = eShelves;
			sourceTree = "<group>";
		};
		3854458F214D33EF0083DE9D /* eShelvesTests */ = {
			isa = PBXGroup;
			children = (
				38544590214D33EF0083DE9D /* eShelvesTests.swift */,
				38544592214D33EF0083DE9D /* Info.plist */,
			);
			path = eShelvesTests;
			sourceTree = "<group>";
		};
		3854459A214D33EF0083DE9D /* eShelvesUITests */ = {
			isa = PBXGroup;
			children = (
				3854459B214D33EF0083DE9D /* eShelvesUITests.swift */,
				3854459D214D33EF0083DE9D /* Info.plist */,
				38A8CFFE215961DE00BF9551 /* GoogleService-Info.plist */,
			);
			path = eShelvesUITests;
			sourceTree = "<group>";
		};
		38A8CFFB2157FAF700BF9551 /* View */ = {
			isa = PBXGroup;
			children = (
				38544584214D33EE0083DE9D /* LaunchScreen.storyboard */,
				3854457F214D33DC0083DE9D /* Main.storyboard */,
				381148A5219E3487006C0BFB /* Custom Cell */,
			);
			path = View;
			sourceTree = "<group>";
		};
		38A8CFFC2157FB5400BF9551 /* Model */ = {
			isa = PBXGroup;
			children = (
			);
			path = Model;
			sourceTree = "<group>";
		};
		38A8CFFD2157FB7C00BF9551 /* Controller */ = {
			isa = PBXGroup;
			children = (
				3854457D214D33DC0083DE9D /* ViewController.swift */,
				3854457B214D33DC0083DE9D /* AppDelegate.swift */,
				38C0A4782150B515008C198D /* RegisterViewController.swift */,
				38135085214FBA7F001A2E34 /* LoginViewController.swift */,
				380686972171F30A0086D383 /* ShelvesTableViewController.swift */,
			);
			path = Controller;
			sourceTree = "<group>";
		};
		FD8F92681754D045DDB94D55 /* Frameworks */ = {
			isa = PBXGroup;
			children = (
				4A870E38A44C3DC35213835E /* Pods_eShelves.framework */,
				D62B4982AFD0EDDD2AC2810A /* Pods_eShelvesTests.framework */,
				90822A9509DD59E975947592 /* Pods_eShelvesUITests.framework */,
			);
			name = Frameworks;
			sourceTree = "<group>";
		};
/* End PBXGroup section */

/* Begin PBXNativeTarget section */
		38544577214D33DC0083DE9D /* eShelves */ = {
			isa = PBXNativeTarget;
			buildConfigurationList = 385445A0214D33EF0083DE9D /* Build configuration list for PBXNativeTarget "eShelves" */;
			buildPhases = (
				E002FDDF70388D573534049A /* [CP] Check Pods Manifest.lock */,
				38544574214D33DC0083DE9D /* Sources */,
				38544575214D33DC0083DE9D /* Frameworks */,
				38544576214D33DC0083DE9D /* Resources */,
				76BA95E4F87A3FA5E02741B1 /* [CP] Embed Pods Frameworks */,
			);
			buildRules = (
			);
			dependencies = (
			);
			name = eShelves;
			productName = eShelves;
			productReference = 38544578214D33DC0083DE9D /* eShelves.app */;
			productType = "com.apple.product-type.application";
		};
		3854458B214D33EF0083DE9D /* eShelvesTests */ = {
			isa = PBXNativeTarget;
			buildConfigurationList = 385445A3214D33EF0083DE9D /* Build configuration list for PBXNativeTarget "eShelvesTests" */;
			buildPhases = (
				8909927F8C797E1E4A0E1FB8 /* [CP] Check Pods Manifest.lock */,
				38544588214D33EF0083DE9D /* Sources */,
				38544589214D33EF0083DE9D /* Frameworks */,
				3854458A214D33EF0083DE9D /* Resources */,
			);
			buildRules = (
			);
			dependencies = (
				3854458E214D33EF0083DE9D /* PBXTargetDependency */,
			);
			name = eShelvesTests;
			productName = eShelvesTests;
			productReference = 3854458C214D33EF0083DE9D /* eShelvesTests.xctest */;
			productType = "com.apple.product-type.bundle.unit-test";
		};
		38544596214D33EF0083DE9D /* eShelvesUITests */ = {
			isa = PBXNativeTarget;
			buildConfigurationList = 385445A6214D33EF0083DE9D /* Build configuration list for PBXNativeTarget "eShelvesUITests" */;
			buildPhases = (
				54BCD8CBD11D4F2CF3031F55 /* [CP] Check Pods Manifest.lock */,
				38544593214D33EF0083DE9D /* Sources */,
				38544594214D33EF0083DE9D /* Frameworks */,
				38544595214D33EF0083DE9D /* Resources */,
			);
			buildRules = (
			);
			dependencies = (
				38544599214D33EF0083DE9D /* PBXTargetDependency */,
			);
			name = eShelvesUITests;
			productName = eShelvesUITests;
			productReference = 38544597214D33EF0083DE9D /* eShelvesUITests.xctest */;
			productType = "com.apple.product-type.bundle.ui-testing";
		};
/* End PBXNativeTarget section */

/* Begin PBXProject section */
		38544570214D33DC0083DE9D /* Project object */ = {
			isa = PBXProject;
			attributes = {
				LastSwiftUpdateCheck = 0940;
				LastUpgradeCheck = 0940;
				ORGANIZATIONNAME = "Ayo Soul on Mac";
				TargetAttributes = {
					38544577214D33DC0083DE9D = {
						CreatedOnToolsVersion = 9.4.1;
					};
					3854458B214D33EF0083DE9D = {
						CreatedOnToolsVersion = 9.4.1;
						TestTargetID = 38544577214D33DC0083DE9D;
					};
					38544596214D33EF0083DE9D = {
						CreatedOnToolsVersion = 9.4.1;
						TestTargetID = 38544577214D33DC0083DE9D;
					};
				};
			};
			buildConfigurationList = 38544573214D33DC0083DE9D /* Build configuration list for PBXProject "eShelves" */;
			compatibilityVersion = "Xcode 9.3";
			developmentRegion = en;
			hasScannedForEncodings = 0;
			knownRegions = (
				en,
				Base,
			);
			mainGroup = 3854456F214D33DB0083DE9D;
			productRefGroup = 38544579214D33DC0083DE9D /* Products */;
			projectDirPath = "";
			projectRoot = "";
			targets = (
				38544577214D33DC0083DE9D /* eShelves */,
				3854458B214D33EF0083DE9D /* eShelvesTests */,
				38544596214D33EF0083DE9D /* eShelvesUITests */,
			);
		};
/* End PBXProject section */

/* Begin PBXResourcesBuildPhase section */
		38544576214D33DC0083DE9D /* Resources */ = {
			isa = PBXResourcesBuildPhase;
			buildActionMask = 2147483647;
			files = (
				38544586214D33EE0083DE9D /* LaunchScreen.storyboard in Resources */,
				38A8CFFF215961E100BF9551 /* GoogleService-Info.plist in Resources */,
				38544583214D33EE0083DE9D /* Assets.xcassets in Resources */,
				38544581214D33DC0083DE9D /* Main.storyboard in Resources */,
				381148A4219E3414006C0BFB /* CustomTableViewCell1.xib in Resources */,
			);
			runOnlyForDeploymentPostprocessing = 0;
		};
		3854458A214D33EF0083DE9D /* Resources */ = {
			isa = PBXResourcesBuildPhase;
			buildActionMask = 2147483647;
			files = (
				38A8D000215961E100BF9551 /* GoogleService-Info.plist in Resources */,
			);
			runOnlyForDeploymentPostprocessing = 0;
		};
		38544595214D33EF0083DE9D /* Resources */ = {
			isa = PBXResourcesBuildPhase;
			buildActionMask = 2147483647;
			files = (
				38A8D001215961E200BF9551 /* GoogleService-Info.plist in Resources */,
			);
			runOnlyForDeploymentPostprocessing = 0;
		};
/* End PBXResourcesBuildPhase section */

/* Begin PBXShellScriptBuildPhase section */
		54BCD8CBD11D4F2CF3031F55 /* [CP] Check Pods Manifest.lock */ = {
			isa = PBXShellScriptBuildPhase;
			buildActionMask = 2147483647;
			files = (
			);
			inputPaths = (
				"${PODS_PODFILE_DIR_PATH}/Podfile.lock",
				"${PODS_ROOT}/Manifest.lock",
			);
			name = "[CP] Check Pods Manifest.lock";
			outputPaths = (
				"$(DERIVED_FILE_DIR)/Pods-eShelvesUITests-checkManifestLockResult.txt",
			);
			runOnlyForDeploymentPostprocessing = 0;
			shellPath = /bin/sh;
			shellScript = "diff \"${PODS_PODFILE_DIR_PATH}/Podfile.lock\" \"${PODS_ROOT}/Manifest.lock\" > /dev/null\nif [ $? != 0 ] ; then\n    # print error to STDERR\n    echo \"error: The sandbox is not in sync with the Podfile.lock. Run 'pod install' or update your CocoaPods installation.\" >&2\n    exit 1\nfi\n# This output is used by Xcode 'outputs' to avoid re-running this script phase.\necho \"SUCCESS\" > \"${SCRIPT_OUTPUT_FILE_0}\"\n";
			showEnvVarsInLog = 0;
		};
		76BA95E4F87A3FA5E02741B1 /* [CP] Embed Pods Frameworks */ = {
			isa = PBXShellScriptBuildPhase;
			buildActionMask = 2147483647;
			files = (
			);
			inputPaths = (
				"${SRCROOT}/Pods/Target Support Files/Pods-eShelves/Pods-eShelves-frameworks.sh",
				"${BUILT_PRODUCTS_DIR}/ChameleonFramework/ChameleonFramework.framework",
				"${BUILT_PRODUCTS_DIR}/GTMSessionFetcher/GTMSessionFetcher.framework",
				"${BUILT_PRODUCTS_DIR}/GoogleUtilities/GoogleUtilities.framework",
				"${BUILT_PRODUCTS_DIR}/SVProgressHUD/SVProgressHUD.framework",
				"${BUILT_PRODUCTS_DIR}/leveldb-library/leveldb.framework",
				"${BUILT_PRODUCTS_DIR}/nanopb/nanopb.framework",
			);
			name = "[CP] Embed Pods Frameworks";
			outputPaths = (
				"${TARGET_BUILD_DIR}/${FRAMEWORKS_FOLDER_PATH}/ChameleonFramework.framework",
				"${TARGET_BUILD_DIR}/${FRAMEWORKS_FOLDER_PATH}/GTMSessionFetcher.framework",
				"${TARGET_BUILD_DIR}/${FRAMEWORKS_FOLDER_PATH}/GoogleUtilities.framework",
				"${TARGET_BUILD_DIR}/${FRAMEWORKS_FOLDER_PATH}/SVProgressHUD.framework",
				"${TARGET_BUILD_DIR}/${FRAMEWORKS_FOLDER_PATH}/leveldb.framework",
				"${TARGET_BUILD_DIR}/${FRAMEWORKS_FOLDER_PATH}/nanopb.framework",
			);
			runOnlyForDeploymentPostprocessing = 0;
			shellPath = /bin/sh;
			shellScript = "\"${SRCROOT}/Pods/Target Support Files/Pods-eShelves/Pods-eShelves-frameworks.sh\"\n";
			showEnvVarsInLog = 0;
		};
		8909927F8C797E1E4A0E1FB8 /* [CP] Check Pods Manifest.lock */ = {
			isa = PBXShellScriptBuildPhase;
			buildActionMask = 2147483647;
			files = (
			);
			inputPaths = (
				"${PODS_PODFILE_DIR_PATH}/Podfile.lock",
				"${PODS_ROOT}/Manifest.lock",
			);
			name = "[CP] Check Pods Manifest.lock";
			outputPaths = (
				"$(DERIVED_FILE_DIR)/Pods-eShelvesTests-checkManifestLockResult.txt",
			);
			runOnlyForDeploymentPostprocessing = 0;
			shellPath = /bin/sh;
			shellScript = "diff \"${PODS_PODFILE_DIR_PATH}/Podfile.lock\" \"${PODS_ROOT}/Manifest.lock\" > /dev/null\nif [ $? != 0 ] ; then\n    # print error to STDERR\n    echo \"error: The sandbox is not in sync with the Podfile.lock. Run 'pod install' or update your CocoaPods installation.\" >&2\n    exit 1\nfi\n# This output is used by Xcode 'outputs' to avoid re-running this script phase.\necho \"SUCCESS\" > \"${SCRIPT_OUTPUT_FILE_0}\"\n";
			showEnvVarsInLog = 0;
		};
		E002FDDF70388D573534049A /* [CP] Check Pods Manifest.lock */ = {
			isa = PBXShellScriptBuildPhase;
			buildActionMask = 2147483647;
			files = (
			);
			inputPaths = (
				"${PODS_PODFILE_DIR_PATH}/Podfile.lock",
				"${PODS_ROOT}/Manifest.lock",
			);
			name = "[CP] Check Pods Manifest.lock";
			outputPaths = (
				"$(DERIVED_FILE_DIR)/Pods-eShelves-checkManifestLockResult.txt",
			);
			runOnlyForDeploymentPostprocessing = 0;
			shellPath = /bin/sh;
			shellScript = "diff \"${PODS_PODFILE_DIR_PATH}/Podfile.lock\" \"${PODS_ROOT}/Manifest.lock\" > /dev/null\nif [ $? != 0 ] ; then\n    # print error to STDERR\n    echo \"error: The sandbox is not in sync with the Podfile.lock. Run 'pod install' or update your CocoaPods installation.\" >&2\n    exit 1\nfi\n# This output is used by Xcode 'outputs' to avoid re-running this script phase.\necho \"SUCCESS\" > \"${SCRIPT_OUTPUT_FILE_0}\"\n";
			showEnvVarsInLog = 0;
		};
/* End PBXShellScriptBuildPhase section */

/* Begin PBXSourcesBuildPhase section */
		38544574214D33DC0083DE9D /* Sources */ = {
			isa = PBXSourcesBuildPhase;
			buildActionMask = 2147483647;
			files = (
				381EDDF321C540B600E960AC /* CustomSegmentedControl.swift in Sources */,
				381148A3219E3414006C0BFB /* CustomTableViewCell1.swift in Sources */,
				38135086214FBA7F001A2E34 /* LoginViewController.swift in Sources */,
				3854457E214D33DC0083DE9D /* ViewController.swift in Sources */,
				3854457C214D33DC0083DE9D /* AppDelegate.swift in Sources */,
				380686982171F30A0086D383 /* ShelvesTableViewController.swift in Sources */,
				38C0A4792150B515008C198D /* RegisterViewController.swift in Sources */,
			);
			runOnlyForDeploymentPostprocessing = 0;
		};
		38544588214D33EF0083DE9D /* Sources */ = {
			isa = PBXSourcesBuildPhase;
			buildActionMask = 2147483647;
			files = (
				38544591214D33EF0083DE9D /* eShelvesTests.swift in Sources */,
			);
			runOnlyForDeploymentPostprocessing = 0;
		};
		38544593214D33EF0083DE9D /* Sources */ = {
			isa = PBXSourcesBuildPhase;
			buildActionMask = 2147483647;
			files = (
				3854459C214D33EF0083DE9D /* eShelvesUITests.swift in Sources */,
			);
			runOnlyForDeploymentPostprocessing = 0;
		};
/* End PBXSourcesBuildPhase section */

/* Begin PBXTargetDependency section */
		3854458E214D33EF0083DE9D /* PBXTargetDependency */ = {
			isa = PBXTargetDependency;
			target = 38544577214D33DC0083DE9D /* eShelves */;
			targetProxy = 3854458D214D33EF0083DE9D /* PBXContainerItemProxy */;
		};
		38544599214D33EF0083DE9D /* PBXTargetDependency */ = {
			isa = PBXTargetDependency;
			target = 38544577214D33DC0083DE9D /* eShelves */;
			targetProxy = 38544598214D33EF0083DE9D /* PBXContainerItemProxy */;
		};
/* End PBXTargetDependency section */

/* Begin PBXVariantGroup section */
		3854457F214D33DC0083DE9D /* Main.storyboard */ = {
			isa = PBXVariantGroup;
			children = (
				38544580214D33DC0083DE9D /* Base */,
			);
			name = Main.storyboard;
			sourceTree = "<group>";
		};
		38544584214D33EE0083DE9D /* LaunchScreen.storyboard */ = {
			isa = PBXVariantGroup;
			children = (
				38544585214D33EE0083DE9D /* Base */,
			);
			name = LaunchScreen.storyboard;
			sourceTree = "<group>";
		};
/* End PBXVariantGroup section */

/* Begin XCBuildConfiguration section */
		3854459E214D33EF0083DE9D /* Debug */ = {
			isa = XCBuildConfiguration;
			buildSettings = {
				ALWAYS_SEARCH_USER_PATHS = NO;
				CLANG_ANALYZER_NONNULL = YES;
				CLANG_ANALYZER_NUMBER_OBJECT_CONVERSION = YES_AGGRESSIVE;
				CLANG_CXX_LANGUAGE_STANDARD = "gnu++14";
				CLANG_CXX_LIBRARY = "libc++";
				CLANG_ENABLE_MODULES = YES;
				CLANG_ENABLE_OBJC_ARC = YES;
				CLANG_ENABLE_OBJC_WEAK = YES;
				CLANG_WARN_BLOCK_CAPTURE_AUTORELEASING = YES;
				CLANG_WARN_BOOL_CONVERSION = YES;
				CLANG_WARN_COMMA = YES;
				CLANG_WARN_CONSTANT_CONVERSION = YES;
				CLANG_WARN_DEPRECATED_OBJC_IMPLEMENTATIONS = YES;
				CLANG_WARN_DIRECT_OBJC_ISA_USAGE = YES_ERROR;
				CLANG_WARN_DOCUMENTATION_COMMENTS = YES;
				CLANG_WARN_EMPTY_BODY = YES;
				CLANG_WARN_ENUM_CONVERSION = YES;
				CLANG_WARN_INFINITE_RECURSION = YES;
				CLANG_WARN_INT_CONVERSION = YES;
				CLANG_WARN_NON_LITERAL_NULL_CONVERSION = YES;
				CLANG_WARN_OBJC_IMPLICIT_RETAIN_SELF = YES;
				CLANG_WARN_OBJC_LITERAL_CONVERSION = YES;
				CLANG_WARN_OBJC_ROOT_CLASS = YES_ERROR;
				CLANG_WARN_RANGE_LOOP_ANALYSIS = YES;
				CLANG_WARN_STRICT_PROTOTYPES = YES;
				CLANG_WARN_SUSPICIOUS_MOVE = YES;
				CLANG_WARN_UNGUARDED_AVAILABILITY = YES_AGGRESSIVE;
				CLANG_WARN_UNREACHABLE_CODE = YES;
				CLANG_WARN__DUPLICATE_METHOD_MATCH = YES;
				CODE_SIGN_IDENTITY = "iPhone Developer";
				COPY_PHASE_STRIP = NO;
				DEBUG_INFORMATION_FORMAT = dwarf;
				ENABLE_STRICT_OBJC_MSGSEND = YES;
				ENABLE_TESTABILITY = YES;
				GCC_C_LANGUAGE_STANDARD = gnu11;
				GCC_DYNAMIC_NO_PIC = NO;
				GCC_NO_COMMON_BLOCKS = YES;
				GCC_OPTIMIZATION_LEVEL = 0;
				GCC_PREPROCESSOR_DEFINITIONS = (
					"DEBUG=1",
					"$(inherited)",
				);
				GCC_WARN_64_TO_32_BIT_CONVERSION = YES;
				GCC_WARN_ABOUT_RETURN_TYPE = YES_ERROR;
				GCC_WARN_UNDECLARED_SELECTOR = YES;
				GCC_WARN_UNINITIALIZED_AUTOS = YES_AGGRESSIVE;
				GCC_WARN_UNUSED_FUNCTION = YES;
				GCC_WARN_UNUSED_VARIABLE = YES;
				IPHONEOS_DEPLOYMENT_TARGET = 11.4;
				MTL_ENABLE_DEBUG_INFO = YES;
				ONLY_ACTIVE_ARCH = YES;
				SDKROOT = iphoneos;
				SWIFT_ACTIVE_COMPILATION_CONDITIONS = DEBUG;
				SWIFT_OPTIMIZATION_LEVEL = "-Onone";
			};
			name = Debug;
		};
		3854459F214D33EF0083DE9D /* Release */ = {
			isa = XCBuildConfiguration;
			buildSettings = {
				ALWAYS_SEARCH_USER_PATHS = NO;
				CLANG_ANALYZER_NONNULL = YES;
				CLANG_ANALYZER_NUMBER_OBJECT_CONVERSION = YES_AGGRESSIVE;
				CLANG_CXX_LANGUAGE_STANDARD = "gnu++14";
				CLANG_CXX_LIBRARY = "libc++";
				CLANG_ENABLE_MODULES = YES;
				CLANG_ENABLE_OBJC_ARC = YES;
				CLANG_ENABLE_OBJC_WEAK = YES;
				CLANG_WARN_BLOCK_CAPTURE_AUTORELEASING = YES;
				CLANG_WARN_BOOL_CONVERSION = YES;
				CLANG_WARN_COMMA = YES;
				CLANG_WARN_CONSTANT_CONVERSION = YES;
				CLANG_WARN_DEPRECATED_OBJC_IMPLEMENTATIONS = YES;
				CLANG_WARN_DIRECT_OBJC_ISA_USAGE = YES_ERROR;
				CLANG_WARN_DOCUMENTATION_COMMENTS = YES;
				CLANG_WARN_EMPTY_BODY = YES;
				CLANG_WARN_ENUM_CONVERSION = YES;
				CLANG_WARN_INFINITE_RECURSION = YES;
				CLANG_WARN_INT_CONVERSION = YES;
				CLANG_WARN_NON_LITERAL_NULL_CONVERSION = YES;
				CLANG_WARN_OBJC_IMPLICIT_RETAIN_SELF = YES;
				CLANG_WARN_OBJC_LITERAL_CONVERSION = YES;
				CLANG_WARN_OBJC_ROOT_CLASS = YES_ERROR;
				CLANG_WARN_RANGE_LOOP_ANALYSIS = YES;
				CLANG_WARN_STRICT_PROTOTYPES = YES;
				CLANG_WARN_SUSPICIOUS_MOVE = YES;
				CLANG_WARN_UNGUARDED_AVAILABILITY = YES_AGGRESSIVE;
				CLANG_WARN_UNREACHABLE_CODE = YES;
				CLANG_WARN__DUPLICATE_METHOD_MATCH = YES;
				CODE_SIGN_IDENTITY = "iPhone Developer";
				COPY_PHASE_STRIP = NO;
				DEBUG_INFORMATION_FORMAT = "dwarf-with-dsym";
				ENABLE_NS_ASSERTIONS = NO;
				ENABLE_STRICT_OBJC_MSGSEND = YES;
				GCC_C_LANGUAGE_STANDARD = gnu11;
				GCC_NO_COMMON_BLOCKS = YES;
				GCC_WARN_64_TO_32_BIT_CONVERSION = YES;
				GCC_WARN_ABOUT_RETURN_TYPE = YES_ERROR;
				GCC_WARN_UNDECLARED_SELECTOR = YES;
				GCC_WARN_UNINITIALIZED_AUTOS = YES_AGGRESSIVE;
				GCC_WARN_UNUSED_FUNCTION = YES;
				GCC_WARN_UNUSED_VARIABLE = YES;
				IPHONEOS_DEPLOYMENT_TARGET = 11.4;
				MTL_ENABLE_DEBUG_INFO = NO;
				SDKROOT = iphoneos;
				SWIFT_COMPILATION_MODE = wholemodule;
				SWIFT_OPTIMIZATION_LEVEL = "-O";
				VALIDATE_PRODUCT = YES;
			};
			name = Release;
		};
		385445A1214D33EF0083DE9D /* Debug */ = {
			isa = XCBuildConfiguration;
			baseConfigurationReference = 669CF95D6A7BD3A66645F906 /* Pods-eShelves.debug.xcconfig */;
			buildSettings = {
				ASSETCATALOG_COMPILER_APPICON_NAME = AppIcon;
				CODE_SIGN_STYLE = Automatic;
				DEVELOPMENT_TEAM = 353Y24Q6S9;
				INFOPLIST_FILE = eShelves/Info.plist;
				IPHONEOS_DEPLOYMENT_TARGET = 9.0;
				LD_RUNPATH_SEARCH_PATHS = (
					"$(inherited)",
					"@executable_path/Frameworks",
				);
				PRODUCT_BUNDLE_IDENTIFIER = com.Ayo.eShelves;
				PRODUCT_NAME = "$(TARGET_NAME)";
				SWIFT_VERSION = 4.0;
				TARGETED_DEVICE_FAMILY = "1,2";
			};
			name = Debug;
		};
		385445A2214D33EF0083DE9D /* Release */ = {
			isa = XCBuildConfiguration;
			baseConfigurationReference = E0B7F2D743734F40D6CD643F /* Pods-eShelves.release.xcconfig */;
			buildSettings = {
				ASSETCATALOG_COMPILER_APPICON_NAME = AppIcon;
				CODE_SIGN_STYLE = Automatic;
				DEVELOPMENT_TEAM = 353Y24Q6S9;
				INFOPLIST_FILE = eShelves/Info.plist;
				IPHONEOS_DEPLOYMENT_TARGET = 9.0;
				LD_RUNPATH_SEARCH_PATHS = (
					"$(inherited)",
					"@executable_path/Frameworks",
				);
				PRODUCT_BUNDLE_IDENTIFIER = com.Ayo.eShelves;
				PRODUCT_NAME = "$(TARGET_NAME)";
				SWIFT_VERSION = 4.0;
				TARGETED_DEVICE_FAMILY = "1,2";
			};
			name = Release;
		};
		385445A4214D33EF0083DE9D /* Debug */ = {
			isa = XCBuildConfiguration;
			baseConfigurationReference = 55DCCF36976477BC50973E02 /* Pods-eShelvesTests.debug.xcconfig */;
			buildSettings = {
				ALWAYS_EMBED_SWIFT_STANDARD_LIBRARIES = YES;
				BUNDLE_LOADER = "$(TEST_HOST)";
				CODE_SIGN_STYLE = Automatic;
				DEVELOPMENT_TEAM = 353Y24Q6S9;
				INFOPLIST_FILE = eShelvesTests/Info.plist;
				LD_RUNPATH_SEARCH_PATHS = (
					"$(inherited)",
					"@executable_path/Frameworks",
					"@loader_path/Frameworks",
				);
				PRODUCT_BUNDLE_IDENTIFIER = com.Ayo.eShelvesTests;
				PRODUCT_NAME = "$(TARGET_NAME)";
				SWIFT_VERSION = 4.0;
				TARGETED_DEVICE_FAMILY = "1,2";
				TEST_HOST = "$(BUILT_PRODUCTS_DIR)/eShelves.app/eShelves";
			};
			name = Debug;
		};
		385445A5214D33EF0083DE9D /* Release */ = {
			isa = XCBuildConfiguration;
			baseConfigurationReference = ADBD8B979B229380595027ED /* Pods-eShelvesTests.release.xcconfig */;
			buildSettings = {
				ALWAYS_EMBED_SWIFT_STANDARD_LIBRARIES = YES;
				BUNDLE_LOADER = "$(TEST_HOST)";
				CODE_SIGN_STYLE = Automatic;
				DEVELOPMENT_TEAM = 353Y24Q6S9;
				INFOPLIST_FILE = eShelvesTests/Info.plist;
				LD_RUNPATH_SEARCH_PATHS = (
					"$(inherited)",
					"@executable_path/Frameworks",
					"@loader_path/Frameworks",
				);
				PRODUCT_BUNDLE_IDENTIFIER = com.Ayo.eShelvesTests;
				PRODUCT_NAME = "$(TARGET_NAME)";
				SWIFT_VERSION = 4.0;
				TARGETED_DEVICE_FAMILY = "1,2";
				TEST_HOST = "$(BUILT_PRODUCTS_DIR)/eShelves.app/eShelves";
			};
			name = Release;
		};
		385445A7214D33EF0083DE9D /* Debug */ = {
			isa = XCBuildConfiguration;
			baseConfigurationReference = EA544C1E34E56DEA2873A2A5 /* Pods-eShelvesUITests.debug.xcconfig */;
			buildSettings = {
				ALWAYS_EMBED_SWIFT_STANDARD_LIBRARIES = YES;
				CODE_SIGN_STYLE = Automatic;
				DEVELOPMENT_TEAM = 353Y24Q6S9;
				INFOPLIST_FILE = eShelvesUITests/Info.plist;
				LD_RUNPATH_SEARCH_PATHS = (
					"$(inherited)",
					"@executable_path/Frameworks",
					"@loader_path/Frameworks",
				);
				PRODUCT_BUNDLE_IDENTIFIER = com.Ayo.eShelvesUITests;
				PRODUCT_NAME = "$(TARGET_NAME)";
				SWIFT_VERSION = 4.0;
				TARGETED_DEVICE_FAMILY = "1,2";
				TEST_TARGET_NAME = eShelves;
			};
			name = Debug;
		};
		385445A8214D33EF0083DE9D /* Release */ = {
			isa = XCBuildConfiguration;
			baseConfigurationReference = 1359C0C6769F0C9CCD7B3E06 /* Pods-eShelvesUITests.release.xcconfig */;
			buildSettings = {
				ALWAYS_EMBED_SWIFT_STANDARD_LIBRARIES = YES;
				CODE_SIGN_STYLE = Automatic;
				DEVELOPMENT_TEAM = 353Y24Q6S9;
				INFOPLIST_FILE = eShelvesUITests/Info.plist;
				LD_RUNPATH_SEARCH_PATHS = (
					"$(inherited)",
					"@executable_path/Frameworks",
					"@loader_path/Frameworks",
				);
				PRODUCT_BUNDLE_IDENTIFIER = com.Ayo.eShelvesUITests;
				PRODUCT_NAME = "$(TARGET_NAME)";
				SWIFT_VERSION = 4.0;
				TARGETED_DEVICE_FAMILY = "1,2";
				TEST_TARGET_NAME = eShelves;
			};
			name = Release;
		};
/* End XCBuildConfiguration section */

/* Begin XCConfigurationList section */
		38544573214D33DC0083DE9D /* Build configuration list for PBXProject "eShelves" */ = {
			isa = XCConfigurationList;
			buildConfigurations = (
				3854459E214D33EF0083DE9D /* Debug */,
				3854459F214D33EF0083DE9D /* Release */,
			);
			defaultConfigurationIsVisible = 0;
			defaultConfigurationName = Release;
		};
		385445A0214D33EF0083DE9D /* Build configuration list for PBXNativeTarget "eShelves" */ = {
			isa = XCConfigurationList;
			buildConfigurations = (
				385445A1214D33EF0083DE9D /* Debug */,
				385445A2214D33EF0083DE9D /* Release */,
			);
			defaultConfigurationIsVisible = 0;
			defaultConfigurationName = Release;
		};
		385445A3214D33EF0083DE9D /* Build configuration list for PBXNativeTarget "eShelvesTests" */ = {
			isa = XCConfigurationList;
			buildConfigurations = (
				385445A4214D33EF0083DE9D /* Debug */,
				385445A5214D33EF0083DE9D /* Release */,
			);
			defaultConfigurationIsVisible = 0;
			defaultConfigurationName = Release;
		};
		385445A6214D33EF0083DE9D /* Build configuration list for PBXNativeTarget "eShelvesUITests" */ = {
			isa = XCConfigurationList;
			buildConfigurations = (
				385445A7214D33EF0083DE9D /* Debug */,
				385445A8214D33EF0083DE9D /* Release */,
			);
			defaultConfigurationIsVisible = 0;
			defaultConfigurationName = Release;
		};
/* End XCConfigurationList section */
	};
	rootObject = 38544570214D33DC0083DE9D /* Project object */;
}
